
Microsoft Visual Studio Solution File, Format Version 12.00
# Visual Studio Version 16
VisualStudioVersion = 16.0.31112.23
MinimumVisualStudioVersion = 10.0.40219.1
Project("{FAE04EC0-301F-11D3-BF4B-00C04F79EFBC}") = "TP-4", "TP-4\TP-4.csproj", "{47BEEDCB-2F45-44CE-981A-4B7C8C07FF72}"
EndProject
Global
	GlobalSection(SolutionConfigurationPlatforms) = preSolution
		Debug|Any CPU = Debug|Any CPU
		Release|Any CPU = Release|Any CPU
	EndGlobalSection
	GlobalSection(ProjectConfigurationPlatforms) = postSolution
		{47BEEDCB-2F45-44CE-981A-4B7C8C07FF72}.Debug|Any CPU.ActiveCfg = Debug|Any CPU
		{47BEEDCB-2F45-44CE-981A-4B7C8C07FF72}.Debug|Any CPU.Build.0 = Debug|Any CPU
		{47BEEDCB-2F45-44CE-981A-4B7C8C07FF72}.Release|Any CPU.ActiveCfg = Release|Any CPU
		{47BEEDCB-2F45-44CE-981A-4B7C8C07FF72}.Release|Any CPU.Build.0 = Release|Any CPU
	EndGlobalSection
	GlobalSection(SolutionProperties) = preSolution
		HideSolutionNode = FALSE
	EndGlobalSection
	GlobalSection(ExtensibilityGlobals) = postSolution
		SolutionGuid = {0D2D247E-820A-4285-A488-471368983639}
	EndGlobalSection
EndGlobal
