
Microsoft Visual Studio Solution File, Format Version 12.00
# Visual Studio Version 16
VisualStudioVersion = 16.0.31112.23
MinimumVisualStudioVersion = 10.0.40219.1
Project("{FAE04EC0-301F-11D3-BF4B-00C04F79EFBC}") = "TP-2", "TP-2\TP-2.csproj", "{31B70AD6-FA1B-4582-9C1F-56C4B70C0FCF}"
EndProject
Global
	GlobalSection(SolutionConfigurationPlatforms) = preSolution
		Debug|Any CPU = Debug|Any CPU
		Release|Any CPU = Release|Any CPU
	EndGlobalSection
	GlobalSection(ProjectConfigurationPlatforms) = postSolution
		{31B70AD6-FA1B-4582-9C1F-56C4B70C0FCF}.Debug|Any CPU.ActiveCfg = Debug|Any CPU
		{31B70AD6-FA1B-4582-9C1F-56C4B70C0FCF}.Debug|Any CPU.Build.0 = Debug|Any CPU
		{31B70AD6-FA1B-4582-9C1F-56C4B70C0FCF}.Release|Any CPU.ActiveCfg = Release|Any CPU
		{31B70AD6-FA1B-4582-9C1F-56C4B70C0FCF}.Release|Any CPU.Build.0 = Release|Any CPU
	EndGlobalSection
	GlobalSection(SolutionProperties) = preSolution
		HideSolutionNode = FALSE
	EndGlobalSection
	GlobalSection(ExtensibilityGlobals) = postSolution
		SolutionGuid = {B01B3EC9-5DB6-4B74-A9D6-87A9A89B3EDE}
	EndGlobalSection
EndGlobal
