
Microsoft Visual Studio Solution File, Format Version 12.00
# Visual Studio Version 16
VisualStudioVersion = 16.0.31112.23
MinimumVisualStudioVersion = 10.0.40219.1
Project("{FAE04EC0-301F-11D3-BF4B-00C04F79EFBC}") = "TP-3", "TP-3\TP-3.csproj", "{38712BC3-BCDA-4C67-A0FB-ECC744A2D8C7}"
EndProject
Global
	GlobalSection(SolutionConfigurationPlatforms) = preSolution
		Debug|Any CPU = Debug|Any CPU
		Release|Any CPU = Release|Any CPU
	EndGlobalSection
	GlobalSection(ProjectConfigurationPlatforms) = postSolution
		{38712BC3-BCDA-4C67-A0FB-ECC744A2D8C7}.Debug|Any CPU.ActiveCfg = Debug|Any CPU
		{38712BC3-BCDA-4C67-A0FB-ECC744A2D8C7}.Debug|Any CPU.Build.0 = Debug|Any CPU
		{38712BC3-BCDA-4C67-A0FB-ECC744A2D8C7}.Release|Any CPU.ActiveCfg = Release|Any CPU
		{38712BC3-BCDA-4C67-A0FB-ECC744A2D8C7}.Release|Any CPU.Build.0 = Release|Any CPU
	EndGlobalSection
	GlobalSection(SolutionProperties) = preSolution
		HideSolutionNode = FALSE
	EndGlobalSection
	GlobalSection(ExtensibilityGlobals) = postSolution
		SolutionGuid = {9FB39C1F-4BAB-4429-A904-1653343F954C}
	EndGlobalSection
EndGlobal
